
Microsoft Visual Studio Solution File, Format Version 12.00
# Visual Studio Version 16
VisualStudioVersion = 16.0.30907.101
MinimumVisualStudioVersion = 10.0.40219.1
Project("{FAE04EC0-301F-11D3-BF4B-00C04F79EFBC}") = "RabbitMqEventBus", "RabbitMqEventBus.csproj", "{095B64BB-BA54-4424-ADBD-7F607877B1C2}"
EndProject
Global
	GlobalSection(SolutionConfigurationPlatforms) = preSolution
		Debug|Any CPU = Debug|Any CPU
		Release|Any CPU = Release|Any CPU
	EndGlobalSection
	GlobalSection(ProjectConfigurationPlatforms) = postSolution
		{095B64BB-BA54-4424-ADBD-7F607877B1C2}.Debug|Any CPU.ActiveCfg = Debug|Any CPU
		{095B64BB-BA54-4424-ADBD-7F607877B1C2}.Debug|Any CPU.Build.0 = Debug|Any CPU
		{095B64BB-BA54-4424-ADBD-7F607877B1C2}.Release|Any CPU.ActiveCfg = Release|Any CPU
		{095B64BB-BA54-4424-ADBD-7F607877B1C2}.Release|Any CPU.Build.0 = Release|Any CPU
	EndGlobalSection
	GlobalSection(SolutionProperties) = preSolution
		HideSolutionNode = FALSE
	EndGlobalSection
	GlobalSection(ExtensibilityGlobals) = postSolution
		SolutionGuid = {596BD9BE-31D8-4AEB-A2BC-7A28626E149E}
	EndGlobalSection
EndGlobal
